
Microsoft Visual Studio Solution File, Format Version 12.00
# Visual Studio 15
VisualStudioVersion = 15.0.26730.16
MinimumVisualStudioVersion = 10.0.40219.1
Project("{FAE04EC0-301F-11D3-BF4B-00C04F79EFBC}") = "TPGP", "TPGP\TPGP.csproj", "{18E8CD56-7824-4B32-9DC7-57C70BAC4736}"
EndProject
Project("{FAE04EC0-301F-11D3-BF4B-00C04F79EFBC}") = "TPGPTests", "TPGPTests\TPGPTests.csproj", "{15F8739B-0844-480E-8EA9-805D5DA8F617}"
EndProject
Project("{FAE04EC0-301F-11D3-BF4B-00C04F79EFBC}") = "LDAP", "LDAP\LDAP.csproj", "{CF9D47D3-C21A-4E37-AB93-50AA1B66D23B}"
EndProject
Project("{FAE04EC0-301F-11D3-BF4B-00C04F79EFBC}") = "TPGPServices", "TPGPServices\TPGPServices.csproj", "{87B459EA-729D-48FB-A1A7-BC7D5A0BDAB6}"
EndProject
Global
	GlobalSection(SolutionConfigurationPlatforms) = preSolution
		Debug|Any CPU = Debug|Any CPU
		Release|Any CPU = Release|Any CPU
	EndGlobalSection
	GlobalSection(ProjectConfigurationPlatforms) = postSolution
		{18E8CD56-7824-4B32-9DC7-57C70BAC4736}.Debug|Any CPU.ActiveCfg = Debug|Any CPU
		{18E8CD56-7824-4B32-9DC7-57C70BAC4736}.Debug|Any CPU.Build.0 = Debug|Any CPU
		{18E8CD56-7824-4B32-9DC7-57C70BAC4736}.Release|Any CPU.ActiveCfg = Release|Any CPU
		{18E8CD56-7824-4B32-9DC7-57C70BAC4736}.Release|Any CPU.Build.0 = Release|Any CPU
		{15F8739B-0844-480E-8EA9-805D5DA8F617}.Debug|Any CPU.ActiveCfg = Debug|Any CPU
		{15F8739B-0844-480E-8EA9-805D5DA8F617}.Debug|Any CPU.Build.0 = Debug|Any CPU
		{15F8739B-0844-480E-8EA9-805D5DA8F617}.Release|Any CPU.ActiveCfg = Release|Any CPU
		{15F8739B-0844-480E-8EA9-805D5DA8F617}.Release|Any CPU.Build.0 = Release|Any CPU
		{CF9D47D3-C21A-4E37-AB93-50AA1B66D23B}.Debug|Any CPU.ActiveCfg = Debug|Any CPU
		{CF9D47D3-C21A-4E37-AB93-50AA1B66D23B}.Debug|Any CPU.Build.0 = Debug|Any CPU
		{CF9D47D3-C21A-4E37-AB93-50AA1B66D23B}.Release|Any CPU.ActiveCfg = Release|Any CPU
		{CF9D47D3-C21A-4E37-AB93-50AA1B66D23B}.Release|Any CPU.Build.0 = Release|Any CPU
		{87B459EA-729D-48FB-A1A7-BC7D5A0BDAB6}.Debug|Any CPU.ActiveCfg = Debug|Any CPU
		{87B459EA-729D-48FB-A1A7-BC7D5A0BDAB6}.Debug|Any CPU.Build.0 = Debug|Any CPU
		{87B459EA-729D-48FB-A1A7-BC7D5A0BDAB6}.Release|Any CPU.ActiveCfg = Release|Any CPU
		{87B459EA-729D-48FB-A1A7-BC7D5A0BDAB6}.Release|Any CPU.Build.0 = Release|Any CPU
	EndGlobalSection
	GlobalSection(SolutionProperties) = preSolution
		HideSolutionNode = FALSE
	EndGlobalSection
	GlobalSection(ExtensibilityGlobals) = postSolution
		SolutionGuid = {D2796AF7-12A1-4D38-B644-8DD333CA7F6A}
	EndGlobalSection
EndGlobal
